// !$*UTF8*$!
{
	archiveVersion = 1;
	classes = {
	};
	objectVersion = 46;
	objects = {

/* Begin PBXBuildFile section */
		9E6B2FB01768E28500EF8130 /* Foundation.framework in Frameworks */ = {isa = PBXBuildFile; fileRef = 9E6B2FAF1768E28500EF8130 /* Foundation.framework */; };
		9E6B2FB21768E28500EF8130 /* CoreGraphics.framework in Frameworks */ = {isa = PBXBuildFile; fileRef = 9E6B2FB11768E28500EF8130 /* CoreGraphics.framework */; };
		9E6B2FB41768E28500EF8130 /* UIKit.framework in Frameworks */ = {isa = PBXBuildFile; fileRef = 9E6B2FB31768E28500EF8130 /* UIKit.framework */; };
		9E6B2FBA1768E28500EF8130 /* InfoPlist.strings in Resources */ = {isa = PBXBuildFile; fileRef = 9E6B2FB81768E28500EF8130 /* InfoPlist.strings */; };
		9E6B2FBC1768E28500EF8130 /* main.m in Sources */ = {isa = PBXBuildFile; fileRef = 9E6B2FBB1768E28500EF8130 /* main.m */; };
		9E6B2FC01768E28500EF8130 /* masterDetailDemoAppDelegate.m in Sources */ = {isa = PBXBuildFile; fileRef = 9E6B2FBF1768E28500EF8130 /* masterDetailDemoAppDelegate.m */; };
		9E6B2FC31768E28500EF8130 /* Main_iPhone.storyboard in Resources */ = {isa = PBXBuildFile; fileRef = 9E6B2FC11768E28500EF8130 /* Main_iPhone.storyboard */; };
		9E6B2FC61768E28500EF8130 /* Main_iPad.storyboard in Resources */ = {isa = PBXBuildFile; fileRef = 9E6B2FC41768E28500EF8130 /* Main_iPad.storyboard */; };
		9E6B2FC91768E28500EF8130 /* masterDetailDemoMasterViewController.m in Sources */ = {isa = PBXBuildFile; fileRef = 9E6B2FC81768E28500EF8130 /* masterDetailDemoMasterViewController.m */; };
		9E6B2FCC1768E28500EF8130 /* masterDetailDemoDetailViewController.m in Sources */ = {isa = PBXBuildFile; fileRef = 9E6B2FCB1768E28500EF8130 /* masterDetailDemoDetailViewController.m */; };
		9E6B2FCE1768E28500EF8130 /* Images.xcassets in Resources */ = {isa = PBXBuildFile; fileRef = 9E6B2FCD1768E28500EF8130 /* Images.xcassets */; };
		9E6B2FD51768E28500EF8130 /* XCTest.framework in Frameworks */ = {isa = PBXBuildFile; fileRef = 9E6B2FD41768E28500EF8130 /* XCTest.framework */; };
		9E6B2FD61768E28500EF8130 /* Foundation.framework in Frameworks */ = {isa = PBXBuildFile; fileRef = 9E6B2FAF1768E28500EF8130 /* Foundation.framework */; };
		9E6B2FD71768E28500EF8130 /* UIKit.framework in Frameworks */ = {isa = PBXBuildFile; fileRef = 9E6B2FB31768E28500EF8130 /* UIKit.framework */; };
		9E6B2FDF1768E28500EF8130 /* InfoPlist.strings in Resources */ = {isa = PBXBuildFile; fileRef = 9E6B2FDD1768E28500EF8130 /* InfoPlist.strings */; };
		9E6B2FE11768E28500EF8130 /* masterDetailDemoTests.m in Sources */ = {isa = PBXBuildFile; fileRef = 9E6B2FE01768E28500EF8130 /* masterDetailDemoTests.m */; };
/* End PBXBuildFile section */

/* Begin PBXContainerItemProxy section */
		9E6B2FD81768E28500EF8130 /* PBXContainerItemProxy */ = {
			isa = PBXContainerItemProxy;
			containerPortal = 9E6B2FA41768E28500EF8130 /* Project object */;
			proxyType = 1;
			remoteGlobalIDString = 9E6B2FAB1768E28500EF8130;
			remoteInfo = masterDetailDemo;
		};
/* End PBXContainerItemProxy section */

/* Begin PBXFileReference section */
		9E6B2FAC1768E28500EF8130 /* masterDetailDemo.app */ = {isa = PBXFileReference; explicitFileType = wrapper.application; includeInIndex = 0; path = masterDetailDemo.app; sourceTree = BUILT_PRODUCTS_DIR; };
		9E6B2FAF1768E28500EF8130 /* Foundation.framework */ = {isa = PBXFileReference; lastKnownFileType = wrapper.framework; name = Foundation.framework; path = System/Library/Frameworks/Foundation.framework; sourceTree = SDKROOT; };
		9E6B2FB11768E28500EF8130 /* CoreGraphics.framework */ = {isa = PBXFileReference; lastKnownFileType = wrapper.framework; name = CoreGraphics.framework; path = System/Library/Frameworks/CoreGraphics.framework; sourceTree = SDKROOT; };
		9E6B2FB31768E28500EF8130 /* UIKit.framework */ = {isa = PBXFileReference; lastKnownFileType = wrapper.framework; name = UIKit.framework; path = System/Library/Frameworks/UIKit.framework; sourceTree = SDKROOT; };
		9E6B2FB71768E28500EF8130 /* masterDetailDemo-Info.plist */ = {isa = PBXFileReference; lastKnownFileType = text.plist.xml; path = "masterDetailDemo-Info.plist"; sourceTree = "<group>"; };
		9E6B2FB91768E28500EF8130 /* en */ = {isa = PBXFileReference; lastKnownFileType = text.plist.strings; name = en; path = en.lproj/InfoPlist.strings; sourceTree = "<group>"; };
		9E6B2FBB1768E28500EF8130 /* main.m */ = {isa = PBXFileReference; lastKnownFileType = sourcecode.c.objc; path = main.m; sourceTree = "<group>"; };
		9E6B2FBD1768E28500EF8130 /* masterDetailDemo-Prefix.pch */ = {isa = PBXFileReference; lastKnownFileType = sourcecode.c.h; path = "masterDetailDemo-Prefix.pch"; sourceTree = "<group>"; };
		9E6B2FBE1768E28500EF8130 /* masterDetailDemoAppDelegate.h */ = {isa = PBXFileReference; lastKnownFileType = sourcecode.c.h; path = masterDetailDemoAppDelegate.h; sourceTree = "<group>"; };
		9E6B2FBF1768E28500EF8130 /* masterDetailDemoAppDelegate.m */ = {isa = PBXFileReference; lastKnownFileType = sourcecode.c.objc; path = masterDetailDemoAppDelegate.m; sourceTree = "<group>"; };
		9E6B2FC21768E28500EF8130 /* Base */ = {isa = PBXFileReference; lastKnownFileType = file.storyboard; name = Base; path = Base.lproj/Main_iPhone.storyboard; sourceTree = "<group>"; };
		9E6B2FC51768E28500EF8130 /* Base */ = {isa = PBXFileReference; lastKnownFileType = file.storyboard; name = Base; path = Base.lproj/Main_iPad.storyboard; sourceTree = "<group>"; };
		9E6B2FC71768E28500EF8130 /* masterDetailDemoMasterViewController.h */ = {isa = PBXFileReference; lastKnownFileType = sourcecode.c.h; path = masterDetailDemoMasterViewController.h; sourceTree = "<group>"; };
		9E6B2FC81768E28500EF8130 /* masterDetailDemoMasterViewController.m */ = {isa = PBXFileReference; lastKnownFileType = sourcecode.c.objc; path = masterDetailDemoMasterViewController.m; sourceTree = "<group>"; };
		9E6B2FCA1768E28500EF8130 /* masterDetailDemoDetailViewController.h */ = {isa = PBXFileReference; lastKnownFileType = sourcecode.c.h; path = masterDetailDemoDetailViewController.h; sourceTree = "<group>"; };
		9E6B2FCB1768E28500EF8130 /* masterDetailDemoDetailViewController.m */ = {isa = PBXFileReference; lastKnownFileType = sourcecode.c.objc; path = masterDetailDemoDetailViewController.m; sourceTree = "<group>"; };
		9E6B2FCD1768E28500EF8130 /* Images.xcassets */ = {isa = PBXFileReference; lastKnownFileType = folder.assetcatalog; path = Images.xcassets; sourceTree = "<group>"; };
		9E6B2FD31768E28500EF8130 /* masterDetailDemoTests.xctest */ = {isa = PBXFileReference; explicitFileType = wrapper.cfbundle; includeInIndex = 0; path = masterDetailDemoTests.xctest; sourceTree = BUILT_PRODUCTS_DIR; };
		9E6B2FD41768E28500EF8130 /* XCTest.framework */ = {isa = PBXFileReference; lastKnownFileType = wrapper.framework; name = XCTest.framework; path = Library/Frameworks/XCTest.framework; sourceTree = DEVELOPER_DIR; };
		9E6B2FDC1768E28500EF8130 /* masterDetailDemoTests-Info.plist */ = {isa = PBXFileReference; lastKnownFileType = text.plist.xml; path = "masterDetailDemoTests-Info.plist"; sourceTree = "<group>"; };
		9E6B2FDE1768E28500EF8130 /* en */ = {isa = PBXFileReference; lastKnownFileType = text.plist.strings; name = en; path = en.lproj/InfoPlist.strings; sourceTree = "<group>"; };
		9E6B2FE01768E28500EF8130 /* masterDetailDemoTests.m */ = {isa = PBXFileReference; lastKnownFileType = sourcecode.c.objc; path = masterDetailDemoTests.m; sourceTree = "<group>"; };
/* End PBXFileReference section */

/* Begin PBXFrameworksBuildPhase section */
		9E6B2FA91768E28500EF8130 /* Frameworks */ = {
			isa = PBXFrameworksBuildPhase;
			buildActionMask = 2147483647;
			files = (
				9E6B2FB21768E28500EF8130 /* CoreGraphics.framework in Frameworks */,
				9E6B2FB41768E28500EF8130 /* UIKit.framework in Frameworks */,
				9E6B2FB01768E28500EF8130 /* Foundation.framework in Frameworks */,
			);
			runOnlyForDeploymentPostprocessing = 0;
		};
		9E6B2FD01768E28500EF8130 /* Frameworks */ = {
			isa = PBXFrameworksBuildPhase;
			buildActionMask = 2147483647;
			files = (
				9E6B2FD51768E28500EF8130 /* XCTest.framework in Frameworks */,
				9E6B2FD71768E28500EF8130 /* UIKit.framework in Frameworks */,
				9E6B2FD61768E28500EF8130 /* Foundation.framework in Frameworks */,
			);
			runOnlyForDeploymentPostprocessing = 0;
		};
/* End PBXFrameworksBuildPhase section */

/* Begin PBXGroup section */
		9E6B2FA31768E28500EF8130 = {
			isa = PBXGroup;
			children = (
				9E6B2FB51768E28500EF8130 /* masterDetailDemo */,
				9E6B2FDA1768E28500EF8130 /* masterDetailDemoTests */,
				9E6B2FAE1768E28500EF8130 /* Frameworks */,
				9E6B2FAD1768E28500EF8130 /* Products */,
			);
			sourceTree = "<group>";
		};
		9E6B2FAD1768E28500EF8130 /* Products */ = {
			isa = PBXGroup;
			children = (
				9E6B2FAC1768E28500EF8130 /* masterDetailDemo.app */,
				9E6B2FD31768E28500EF8130 /* masterDetailDemoTests.xctest */,
			);
			name = Products;
			sourceTree = "<group>";
		};
		9E6B2FAE1768E28500EF8130 /* Frameworks */ = {
			isa = PBXGroup;
			children = (
				9E6B2FAF1768E28500EF8130 /* Foundation.framework */,
				9E6B2FB11768E28500EF8130 /* CoreGraphics.framework */,
				9E6B2FB31768E28500EF8130 /* UIKit.framework */,
				9E6B2FD41768E28500EF8130 /* XCTest.framework */,
			);
			name = Frameworks;
			sourceTree = "<group>";
		};
		9E6B2FB51768E28500EF8130 /* masterDetailDemo */ = {
			isa = PBXGroup;
			children = (
				9E6B2FBE1768E28500EF8130 /* masterDetailDemoAppDelegate.h */,
				9E6B2FBF1768E28500EF8130 /* masterDetailDemoAppDelegate.m */,
				9E6B2FC11768E28500EF8130 /* Main_iPhone.storyboard */,
				9E6B2FC41768E28500EF8130 /* Main_iPad.storyboard */,
				9E6B2FC71768E28500EF8130 /* masterDetailDemoMasterViewController.h */,
				9E6B2FC81768E28500EF8130 /* masterDetailDemoMasterViewController.m */,
				9E6B2FCA1768E28500EF8130 /* masterDetailDemoDetailViewController.h */,
				9E6B2FCB1768E28500EF8130 /* masterDetailDemoDetailViewController.m */,
				9E6B2FCD1768E28500EF8130 /* Images.xcassets */,
				9E6B2FB61768E28500EF8130 /* Supporting Files */,
			);
			path = masterDetailDemo;
			sourceTree = "<group>";
		};
		9E6B2FB61768E28500EF8130 /* Supporting Files */ = {
			isa = PBXGroup;
			children = (
				9E6B2FB71768E28500EF8130 /* masterDetailDemo-Info.plist */,
				9E6B2FB81768E28500EF8130 /* InfoPlist.strings */,
				9E6B2FBB1768E28500EF8130 /* main.m */,
				9E6B2FBD1768E28500EF8130 /* masterDetailDemo-Prefix.pch */,
			);
			name = "Supporting Files";
			sourceTree = "<group>";
		};
		9E6B2FDA1768E28500EF8130 /* masterDetailDemoTests */ = {
			isa = PBXGroup;
			children = (
				9E6B2FE01768E28500EF8130 /* masterDetailDemoTests.m */,
				9E6B2FDB1768E28500EF8130 /* Supporting Files */,
			);
			path = masterDetailDemoTests;
			sourceTree = "<group>";
		};
		9E6B2FDB1768E28500EF8130 /* Supporting Files */ = {
			isa = PBXGroup;
			children = (
				9E6B2FDC1768E28500EF8130 /* masterDetailDemoTests-Info.plist */,
				9E6B2FDD1768E28500EF8130 /* InfoPlist.strings */,
			);
			name = "Supporting Files";
			sourceTree = "<group>";
		};
/* End PBXGroup section */

/* Begin PBXNativeTarget section */
		9E6B2FAB1768E28500EF8130 /* masterDetailDemo */ = {
			isa = PBXNativeTarget;
			buildConfigurationList = 9E6B2FE41768E28500EF8130 /* Build configuration list for PBXNativeTarget "masterDetailDemo" */;
			buildPhases = (
				9E6B2FA81768E28500EF8130 /* Sources */,
				9E6B2FA91768E28500EF8130 /* Frameworks */,
				9E6B2FAA1768E28500EF8130 /* Resources */,
			);
			buildRules = (
			);
			dependencies = (
			);
			name = masterDetailDemo;
			productName = masterDetailDemo;
			productReference = 9E6B2FAC1768E28500EF8130 /* masterDetailDemo.app */;
			productType = "com.apple.product-type.application";
		};
		9E6B2FD21768E28500EF8130 /* masterDetailDemoTests */ = {
			isa = PBXNativeTarget;
			buildConfigurationList = 9E6B2FE71768E28500EF8130 /* Build configuration list for PBXNativeTarget "masterDetailDemoTests" */;
			buildPhases = (
				9E6B2FCF1768E28500EF8130 /* Sources */,
				9E6B2FD01768E28500EF8130 /* Frameworks */,
				9E6B2FD11768E28500EF8130 /* Resources */,
			);
			buildRules = (
			);
			dependencies = (
				9E6B2FD91768E28500EF8130 /* PBXTargetDependency */,
			);
			name = masterDetailDemoTests;
			productName = masterDetailDemoTests;
			productReference = 9E6B2FD31768E28500EF8130 /* masterDetailDemoTests.xctest */;
			productType = "com.apple.product-type.bundle.unit-test";
		};
/* End PBXNativeTarget section */

/* Begin PBXProject section */
		9E6B2FA41768E28500EF8130 /* Project object */ = {
			isa = PBXProject;
			attributes = {
				CLASSPREFIX = masterDetailDemo;
				LastUpgradeCheck = 0500;
				ORGANIZATIONNAME = own;
				TargetAttributes = {
					9E6B2FD21768E28500EF8130 = {
						TestTargetID = 9E6B2FAB1768E28500EF8130;
					};
				};
			};
			buildConfigurationList = 9E6B2FA71768E28500EF8130 /* Build configuration list for PBXProject "masterDetailDemo" */;
			compatibilityVersion = "Xcode 3.2";
			developmentRegion = English;
			hasScannedForEncodings = 0;
			knownRegions = (
				en,
				Base,
			);
			mainGroup = 9E6B2FA31768E28500EF8130;
			productRefGroup = 9E6B2FAD1768E28500EF8130 /* Products */;
			projectDirPath = "";
			projectRoot = "";
			targets = (
				9E6B2FAB1768E28500EF8130 /* masterDetailDemo */,
				9E6B2FD21768E28500EF8130 /* masterDetailDemoTests */,
			);
		};
/* End PBXProject section */

/* Begin PBXResourcesBuildPhase section */
		9E6B2FAA1768E28500EF8130 /* Resources */ = {
			isa = PBXResourcesBuildPhase;
			buildActionMask = 2147483647;
			files = (
				9E6B2FC61768E28500EF8130 /* Main_iPad.storyboard in Resources */,
				9E6B2FCE1768E28500EF8130 /* Images.xcassets in Resources */,
				9E6B2FC31768E28500EF8130 /* Main_iPhone.storyboard in Resources */,
				9E6B2FBA1768E28500EF8130 /* InfoPlist.strings in Resources */,
			);
			runOnlyForDeploymentPostprocessing = 0;
		};
		9E6B2FD11768E28500EF8130 /* Resources */ = {
			isa = PBXResourcesBuildPhase;
			buildActionMask = 2147483647;
			files = (
				9E6B2FDF1768E28500EF8130 /* InfoPlist.strings in Resources */,
			);
			runOnlyForDeploymentPostprocessing = 0;
		};
/* End PBXResourcesBuildPhase section */

/* Begin PBXSourcesBuildPhase section */
		9E6B2FA81768E28500EF8130 /* Sources */ = {
			isa = PBXSourcesBuildPhase;
			buildActionMask = 2147483647;
			files = (
				9E6B2FC01768E28500EF8130 /* masterDetailDemoAppDelegate.m in Sources */,
				9E6B2FC91768E28500EF8130 /* masterDetailDemoMasterViewController.m in Sources */,
				9E6B2FBC1768E28500EF8130 /* main.m in Sources */,
				9E6B2FCC1768E28500EF8130 /* masterDetailDemoDetailViewController.m in Sources */,
			);
			runOnlyForDeploymentPostprocessing = 0;
		};
		9E6B2FCF1768E28500EF8130 /* Sources */ = {
			isa = PBXSourcesBuildPhase;
			buildActionMask = 2147483647;
			files = (
				9E6B2FE11768E28500EF8130 /* masterDetailDemoTests.m in Sources */,
			);
			runOnlyForDeploymentPostprocessing = 0;
		};
/* End PBXSourcesBuildPhase section */

/* Begin PBXTargetDependency section */
		9E6B2FD91768E28500EF8130 /* PBXTargetDependency */ = {
			isa = PBXTargetDependency;
			target = 9E6B2FAB1768E28500EF8130 /* masterDetailDemo */;
			targetProxy = 9E6B2FD81768E28500EF8130 /* PBXContainerItemProxy */;
		};
/* End PBXTargetDependency section */

/* Begin PBXVariantGroup section */
		9E6B2FB81768E28500EF8130 /* InfoPlist.strings */ = {
			isa = PBXVariantGroup;
			children = (
				9E6B2FB91768E28500EF8130 /* en */,
			);
			name = InfoPlist.strings;
			sourceTree = "<group>";
		};
		9E6B2FC11768E28500EF8130 /* Main_iPhone.storyboard */ = {
			isa = PBXVariantGroup;
			children = (
				9E6B2FC21768E28500EF8130 /* Base */,
			);
			name = Main_iPhone.storyboard;
			sourceTree = "<group>";
		};
		9E6B2FC41768E28500EF8130 /* Main_iPad.storyboard */ = {
			isa = PBXVariantGroup;
			children = (
				9E6B2FC51768E28500EF8130 /* Base */,
			);
			name = Main_iPad.storyboard;
			sourceTree = "<group>";
		};
		9E6B2FDD1768E28500EF8130 /* InfoPlist.strings */ = {
			isa = PBXVariantGroup;
			children = (
				9E6B2FDE1768E28500EF8130 /* en */,
			);
			name = InfoPlist.strings;
			sourceTree = "<group>";
		};
/* End PBXVariantGroup section */

/* Begin XCBuildConfiguration section */
		9E6B2FE21768E28500EF8130 /* Debug */ = {
			isa = XCBuildConfiguration;
			buildSettings = {
				ALWAYS_SEARCH_USER_PATHS = NO;
				CLANG_CXX_LANGUAGE_STANDARD = "gnu++0x";
				CLANG_CXX_LIBRARY = "libc++";
				CLANG_ENABLE_MODULES = YES;
				CLANG_ENABLE_OBJC_ARC = YES;
				CLANG_WARN_BOOL_CONVERSION = YES;
				CLANG_WARN_CONSTANT_CONVERSION = YES;
				CLANG_WARN_DIRECT_OBJC_ISA_USAGE = YES_ERROR;
				CLANG_WARN_EMPTY_BODY = YES;
				CLANG_WARN_ENUM_CONVERSION = YES;
				CLANG_WARN_INT_CONVERSION = YES;
				CLANG_WARN_OBJC_ROOT_CLASS = YES_ERROR;
				CLANG_WARN__DUPLICATE_METHOD_MATCH = YES;
				"CODE_SIGN_IDENTITY[sdk=iphoneos*]" = "iPhone Developer";
				COPY_PHASE_STRIP = NO;
				GCC_C_LANGUAGE_STANDARD = gnu99;
				GCC_DYNAMIC_NO_PIC = NO;
				GCC_OPTIMIZATION_LEVEL = 0;
				GCC_PREPROCESSOR_DEFINITIONS = (
					"DEBUG=1",
					"$(inherited)",
				);
				GCC_SYMBOLS_PRIVATE_EXTERN = NO;
				GCC_WARN_ABOUT_RETURN_TYPE = YES_ERROR;
				GCC_WARN_UNDECLARED_SELECTOR = YES;
				GCC_WARN_UNINITIALIZED_AUTOS = YES;
				GCC_WARN_UNUSED_FUNCTION = YES;
				GCC_WARN_UNUSED_VARIABLE = YES;
				IPHONEOS_DEPLOYMENT_TARGET = 7.0;
				ONLY_ACTIVE_ARCH = YES;
				SDKROOT = iphoneos;
				TARGETED_DEVICE_FAMILY = "1,2";
			};
			name = Debug;
		};
		9E6B2FE31768E28500EF8130 /* Release */ = {
			isa = XCBuildConfiguration;
			buildSettings = {
				ALWAYS_SEARCH_USER_PATHS = NO;
				CLANG_CXX_LANGUAGE_STANDARD = "gnu++0x";
				CLANG_CXX_LIBRARY = "libc++";
				CLANG_ENABLE_MODULES = YES;
				CLANG_ENABLE_OBJC_ARC = YES;
				CLANG_WARN_BOOL_CONVERSION = YES;
				CLANG_WARN_CONSTANT_CONVERSION = YES;
				CLANG_WARN_DIRECT_OBJC_ISA_USAGE = YES_ERROR;
				CLANG_WARN_EMPTY_BODY = YES;
				CLANG_WARN_ENUM_CONVERSION = YES;
				CLANG_WARN_INT_CONVERSION = YES;
				CLANG_WARN_OBJC_ROOT_CLASS = YES_ERROR;
				CLANG_WARN__DUPLICATE_METHOD_MATCH = YES;
				"CODE_SIGN_IDENTITY[sdk=iphoneos*]" = "iPhone Developer";
				COPY_PHASE_STRIP = YES;
				ENABLE_NS_ASSERTIONS = NO;
				GCC_C_LANGUAGE_STANDARD = gnu99;
				GCC_WARN_ABOUT_RETURN_TYPE = YES_ERROR;
				GCC_WARN_UNDECLARED_SELECTOR = YES;
				GCC_WARN_UNINITIALIZED_AUTOS = YES;
				GCC_WARN_UNUSED_FUNCTION = YES;
				GCC_WARN_UNUSED_VARIABLE = YES;
				IPHONEOS_DEPLOYMENT_TARGET = 7.0;
				SDKROOT = iphoneos;
				TARGETED_DEVICE_FAMILY = "1,2";
				VALIDATE_PRODUCT = YES;
			};
			name = Release;
		};
		9E6B2FE51768E28500EF8130 /* Debug */ = {
			isa = XCBuildConfiguration;
			buildSettings = {
				ASSETCATALOG_COMPILER_APPICON_NAME = AppIcon;
				ASSETCATALOG_COMPILER_LAUNCHIMAGE_NAME = LaunchImage;
				GCC_PRECOMPILE_PREFIX_HEADER = YES;
				GCC_PREFIX_HEADER = "masterDetailDemo/masterDetailDemo-Prefix.pch";
				INFOPLIST_FILE = "masterDetailDemo/masterDetailDemo-Info.plist";
				IPHONEOS_DEPLOYMENT_TARGET = 6.0;
				PRODUCT_NAME = "$(TARGET_NAME)";
				WRAPPER_EXTENSION = app;
			};
			name = Debug;
		};
		9E6B2FE61768E28500EF8130 /* Release */ = {
			isa = XCBuildConfiguration;
			buildSettings = {
				ASSETCATALOG_COMPILER_APPICON_NAME = AppIcon;
				ASSETCATALOG_COMPILER_LAUNCHIMAGE_NAME = LaunchImage;
				GCC_PRECOMPILE_PREFIX_HEADER = YES;
				GCC_PREFIX_HEADER = "masterDetailDemo/masterDetailDemo-Prefix.pch";
				INFOPLIST_FILE = "masterDetailDemo/masterDetailDemo-Info.plist";
				IPHONEOS_DEPLOYMENT_TARGET = 6.0;
				PRODUCT_NAME = "$(TARGET_NAME)";
				WRAPPER_EXTENSION = app;
			};
			name = Release;
		};
		9E6B2FE81768E28500EF8130 /* Debug */ = {
			isa = XCBuildConfiguration;
			buildSettings = {
				BUNDLE_LOADER = "$(BUILT_PRODUCTS_DIR)/masterDetailDemo.app/masterDetailDemo";
				FRAMEWORK_SEARCH_PATHS = (
					"$(SDKROOT)/Developer/Library/Frameworks",
					"$(inherited)",
					"$(SYSTEM_APPS_DIR)/Xcode5-DP.app/Contents/Developer/Library/Frameworks",
				);
				GCC_PRECOMPILE_PREFIX_HEADER = YES;
				GCC_PREFIX_HEADER = "masterDetailDemo/masterDetailDemo-Prefix.pch";
				GCC_PREPROCESSOR_DEFINITIONS = (
					"DEBUG=1",
					"$(inherited)",
				);
				INFOPLIST_FILE = "masterDetailDemoTests/masterDetailDemoTests-Info.plist";
				PRODUCT_NAME = "$(TARGET_NAME)";
				TEST_HOST = "$(BUNDLE_LOADER)";
				WRAPPER_EXTENSION = xctest;
			};
			name = Debug;
		};
		9E6B2FE91768E28500EF8130 /* Release */ = {
			isa = XCBuildConfiguration;
			buildSettings = {
				BUNDLE_LOADER = "$(BUILT_PRODUCTS_DIR)/masterDetailDemo.app/masterDetailDemo";
				FRAMEWORK_SEARCH_PATHS = (
					"$(SDKROOT)/Developer/Library/Frameworks",
					"$(inherited)",
					"$(SYSTEM_APPS_DIR)/Xcode5-DP.app/Contents/Developer/Library/Frameworks",
				);
				GCC_PRECOMPILE_PREFIX_HEADER = YES;
				GCC_PREFIX_HEADER = "masterDetailDemo/masterDetailDemo-Prefix.pch";
				INFOPLIST_FILE = "masterDetailDemoTests/masterDetailDemoTests-Info.plist";
				PRODUCT_NAME = "$(TARGET_NAME)";
				TEST_HOST = "$(BUNDLE_LOADER)";
				WRAPPER_EXTENSION = xctest;
			};
			name = Release;
		};
/* End XCBuildConfiguration section */

/* Begin XCConfigurationList section */
		9E6B2FA71768E28500EF8130 /* Build configuration list for PBXProject "masterDetailDemo" */ = {
			isa = XCConfigurationList;
			buildConfigurations = (
				9E6B2FE21768E28500EF8130 /* Debug */,
				9E6B2FE31768E28500EF8130 /* Release */,
			);
			defaultConfigurationIsVisible = 0;
			defaultConfigurationName = Release;
		};
		9E6B2FE41768E28500EF8130 /* Build configuration list for PBXNativeTarget "masterDetailDemo" */ = {
			isa = XCConfigurationList;
			buildConfigurations = (
				9E6B2FE51768E28500EF8130 /* Debug */,
				9E6B2FE61768E28500EF8130 /* Release */,
			);
			defaultConfigurationIsVisible = 0;
			defaultConfigurationName = Release;
		};
		9E6B2FE71768E28500EF8130 /* Build configuration list for PBXNativeTarget "masterDetailDemoTests" */ = {
			isa = XCConfigurationList;
			buildConfigurations = (
				9E6B2FE81768E28500EF8130 /* Debug */,
				9E6B2FE91768E28500EF8130 /* Release */,
			);
			defaultConfigurationIsVisible = 0;
			defaultConfigurationName = Release;
		};
/* End XCConfigurationList section */
	};
	rootObject = 9E6B2FA41768E28500EF8130 /* Project object */;
}
